github.com/davecgh/go-spew v1.1.2-0.20180830191138-d8f796af33cc h1:U9qPSI2PIWSS1VwoXQT9A3Wy9MM3WgvqSxFWenqJduM=
github.com/davecgh/go-spew v1.1.2-0.20180830191138-d8f796af33cc/go.mod h1:J7Y8YcW2NihsgmVo/mv3lAwl/skON4iLHjSsI+c5H38=
github.com/go-kratos/kratos/v2 v2.9.1 h1:EGif6/S/aK/RCR5clIbyhioTNyoSrii3FC118jG40Z0=
github.com/go-kratos/kratos/v2 v2.9.1/go.mod h1:a1MQLjMhIh7R0kcJS9SzJYR43BRI7EPzzN0J1Ksu2bA=
github.com/orzkratos/zapkratos v0.0.8 h1:3RFpgf3Kejy2f3sESOacYCx/PDj1Asjx8QWxv2kYzBU=
github.com/orzkratos/zapkratos v0.0.8/go.mod h1:xsT9gCFW1LAo6IeeJog+ywPIdkC/qypBJ600NMzB72c=
github.com/pkg/errors v0.9.1 h1:FEBLx1zS214owpjy7qsBeixbURkuhQAwrK5UwLGTwt4=
github.com/pkg/errors v0.9.1/go.mod h1:bwawxfHBFNV+L2hUp1rHADufV3IMtnDRdf1r5NINEl0=
github.com/pmezard/go-difflib v1.0.1-0.20181226105442-5d4384ee4fb2 h1:Jamvg5psRIccs7FGNTlIRMkT8wgtp5eCXdBlqhYGL6U=
github.com/pmezard/go-difflib v1.0.1-0.20181226105442-5d4384ee4fb2/go.mod h1:iKH77koFhYxTK1pcRnkKkqfTogsbg7gZNVY4sRDYZ/4=
github.com/stretchr/testify v1.11.1 h1:7s2iGBzp5EwR7/aIZr8ao5+dra3wiQyKjjFuvgVKu7U=
github.com/stretchr/testify v1.11.1/go.mod h1:wZwfW3scLgRK+23gO65QZefKpKQRnfz6sD981Nm4B6U=
github.com/yyle88/erero v1.0.24 h1:yroawlW4IohY4bK4SonMBNI2tlZftPjtfhYYBtBfCxw=
github.com/yyle88/erero v1.0.24/go.mod h1:KoTJmpyuKtQddt1QEQidwmewilCWwEH8rn5NsIAZ8XE=
github.com/yyle88/mutexmap v1.0.15 h1:vqwtvomfzddcuBNg8hofWnILRFK2STJhWU7AufuNS50=
github.com/yyle88/mutexmap v1.0.15/go.mod h1:NqwsKlK+NkL18i4BepeyCgtenXuw4N5UUnEX9XBfPA8=
github.com/yyle88/runpath v1.0.24 h1:jyFwGS0RbgOJS1dblMh1DBWckRN+MVomTT89cgmsFAw=
github.com/yyle88/runpath v1.0.24/go.mod h1:j1JvgyOK3WLRaEq6UHIiAp1voenfC5m6oGEav7ftBx4=
github.com/yyle88/zaplog v0.0.27 h1:Bd/XWeAeRDEsFdtHphEqPK+W3M9WNd/dzf5x6YXeSkY=
github.com/yyle88/zaplog v0.0.27/go.mod h1:0BOxIR1lFh4vdiCyR5zuj4DmTFK36FbpjOWAdjMwSDU=
go.uber.org/goleak v1.3.0 h1:2K3zAYmnTNqV73imy9J1T3WC+gmCePx2hEGkimedGto=
go.uber.org/goleak v1.3.0/go.mod h1:CoHD4mav9JJNrW/WLlf7HGZPjdw8EucARQHekz1X6bE=
go.uber.org/multierr v1.11.0 h1:blXXJkSxSSfBVBlC76pxqeO+LN3aDfLQo+309xJstO0=
go.uber.org/multierr v1.11.0/go.mod h1:20+QtiLqy0Nd6FdQB9TLXag12DsQkrbs3htMFfDN80Y=
go.uber.org/zap v1.27.1 h1:08RqriUEv8+ArZRYSTXy1LeBScaMpVSTBhCeaZYfMYc=
go.uber.org/zap v1.27.1/go.mod h1:GB2qFLM7cTU87MWRP2mPIjqfIDnGu+VIO4V/SdhGo2E=
golang.org/x/sync v0.18.0 h1:kr88TuHDroi+UVf+0hZnirlk8o8T+4MrK6mr60WkH/I=
golang.org/x/sync v0.18.0/go.mod h1:9KTHXmSnoGruLpwFjVSX0lNNA75CykiMECbovNTZqGI=
gopkg.in/yaml.v3 v3.0.1 h1:fxVm/GzAzEWqLHuvctI91KS9hhNmmWOoWu0XTYJS7CA=
gopkg.in/yaml.v3 v3.0.1/go.mod h1:K4uyk7z7BCEPqu6E+C64Yfv1cQ7kz7rIZviUmN+EgEM=
